
Microsoft Visual Studio Solution File, Format Version 12.00
# Visual Studio Version 16
VisualStudioVersion = 16.0.29306.81
MinimumVisualStudioVersion = 10.0.40219.1
Project("{8BC9CEB8-8B4A-11D0-8D11-00A0C91BC942}") = "FastRankedPointsInPolygon", "FastRankedPointsInPolygon\FastRankedPointsInPolygon.vcxproj", "{B835204D-38B3-4F02-B846-F7EC3B565BC4}"
EndProject
Project("{8BC9CEB8-8B4A-11D0-8D11-00A0C91BC942}") = "TestFastRankedPointsInPolygon", "TestFastRankedPointsInPolygon\TestFastRankedPointsInPolygon.vcxproj", "{68F04285-CF2B-46B1-B0FA-FF347764DDE1}"
	ProjectSection(ProjectDependencies) = postProject
		{B835204D-38B3-4F02-B846-F7EC3B565BC4} = {B835204D-38B3-4F02-B846-F7EC3B565BC4}
	EndProjectSection
EndProject
Project("{8BC9CEB8-8B4A-11D0-8D11-00A0C91BC942}") = "TestFastRankedPointInPolygon", "TestFastRankedPointInPolygon\TestFastRankedPointInPolygon.vcxproj", "{39DCF70E-5660-4656-A113-5866CA1B5376}"
EndProject
Global
	GlobalSection(SolutionConfigurationPlatforms) = preSolution
		Debug|x64 = Debug|x64
		Debug|x86 = Debug|x86
		Release|x64 = Release|x64
		Release|x86 = Release|x86
	EndGlobalSection
	GlobalSection(ProjectConfigurationPlatforms) = postSolution
		{B835204D-38B3-4F02-B846-F7EC3B565BC4}.Debug|x64.ActiveCfg = Debug|x64
		{B835204D-38B3-4F02-B846-F7EC3B565BC4}.Debug|x64.Build.0 = Debug|x64
		{B835204D-38B3-4F02-B846-F7EC3B565BC4}.Debug|x86.ActiveCfg = Debug|Win32
		{B835204D-38B3-4F02-B846-F7EC3B565BC4}.Debug|x86.Build.0 = Debug|Win32
		{B835204D-38B3-4F02-B846-F7EC3B565BC4}.Release|x64.ActiveCfg = Release|x64
		{B835204D-38B3-4F02-B846-F7EC3B565BC4}.Release|x64.Build.0 = Release|x64
		{B835204D-38B3-4F02-B846-F7EC3B565BC4}.Release|x86.ActiveCfg = Release|Win32
		{B835204D-38B3-4F02-B846-F7EC3B565BC4}.Release|x86.Build.0 = Release|Win32
		{68F04285-CF2B-46B1-B0FA-FF347764DDE1}.Debug|x64.ActiveCfg = Debug|x64
		{68F04285-CF2B-46B1-B0FA-FF347764DDE1}.Debug|x64.Build.0 = Debug|x64
		{68F04285-CF2B-46B1-B0FA-FF347764DDE1}.Debug|x86.ActiveCfg = Debug|Win32
		{68F04285-CF2B-46B1-B0FA-FF347764DDE1}.Debug|x86.Build.0 = Debug|Win32
		{68F04285-CF2B-46B1-B0FA-FF347764DDE1}.Release|x64.ActiveCfg = Release|x64
		{68F04285-CF2B-46B1-B0FA-FF347764DDE1}.Release|x64.Build.0 = Release|x64
		{68F04285-CF2B-46B1-B0FA-FF347764DDE1}.Release|x86.ActiveCfg = Release|Win32
		{68F04285-CF2B-46B1-B0FA-FF347764DDE1}.Release|x86.Build.0 = Release|Win32
		{39DCF70E-5660-4656-A113-5866CA1B5376}.Debug|x64.ActiveCfg = Debug|x64
		{39DCF70E-5660-4656-A113-5866CA1B5376}.Debug|x64.Build.0 = Debug|x64
		{39DCF70E-5660-4656-A113-5866CA1B5376}.Debug|x86.ActiveCfg = Debug|Win32
		{39DCF70E-5660-4656-A113-5866CA1B5376}.Debug|x86.Build.0 = Debug|Win32
		{39DCF70E-5660-4656-A113-5866CA1B5376}.Release|x64.ActiveCfg = Release|x64
		{39DCF70E-5660-4656-A113-5866CA1B5376}.Release|x64.Build.0 = Release|x64
		{39DCF70E-5660-4656-A113-5866CA1B5376}.Release|x86.ActiveCfg = Release|Win32
		{39DCF70E-5660-4656-A113-5866CA1B5376}.Release|x86.Build.0 = Release|Win32
	EndGlobalSection
	GlobalSection(SolutionProperties) = preSolution
		HideSolutionNode = FALSE
	EndGlobalSection
	GlobalSection(ExtensibilityGlobals) = postSolution
		SolutionGuid = {08C7DDA2-8E28-455B-A1FD-3DF4AC7C12A7}
	EndGlobalSection
EndGlobal
